// !$*UTF8*$!
{
	archiveVersion = 1;
	classes = {
	};
	objectVersion = 46;
	objects = {

/* Begin PBXBuildFile section */
		B90250311C8B4E12007F14B2 /* AppDelegate.swift in Sources */ = {isa = PBXBuildFile; fileRef = B90250301C8B4E12007F14B2 /* AppDelegate.swift */; };
		B90250331C8B4E12007F14B2 /* CreateEditViewController.swift in Sources */ = {isa = PBXBuildFile; fileRef = B90250321C8B4E12007F14B2 /* CreateEditViewController.swift */; };
		B90250361C8B4E12007F14B2 /* Main.storyboard in Resources */ = {isa = PBXBuildFile; fileRef = B90250341C8B4E12007F14B2 /* Main.storyboard */; };
		B90250381C8B4E12007F14B2 /* Assets.xcassets in Resources */ = {isa = PBXBuildFile; fileRef = B90250371C8B4E12007F14B2 /* Assets.xcassets */; };
		B902503B1C8B4E12007F14B2 /* LaunchScreen.storyboard in Resources */ = {isa = PBXBuildFile; fileRef = B90250391C8B4E12007F14B2 /* LaunchScreen.storyboard */; };
		B90250461C8B4E12007F14B2 /* App5Tests.swift in Sources */ = {isa = PBXBuildFile; fileRef = B90250451C8B4E12007F14B2 /* App5Tests.swift */; };
		B90250511C8B4E12007F14B2 /* App5UITests.swift in Sources */ = {isa = PBXBuildFile; fileRef = B90250501C8B4E12007F14B2 /* App5UITests.swift */; };
		B945B0F51C8C53E600EF9F47 /* ListTableViewCell.swift in Sources */ = {isa = PBXBuildFile; fileRef = B945B0F41C8C53E600EF9F47 /* ListTableViewCell.swift */; };
		B945B0F71C8C59CE00EF9F47 /* ListTableViewController.swift in Sources */ = {isa = PBXBuildFile; fileRef = B945B0F61C8C59CE00EF9F47 /* ListTableViewController.swift */; };
		B945B0F91C8C604000EF9F47 /* List.swift in Sources */ = {isa = PBXBuildFile; fileRef = B945B0F81C8C604000EF9F47 /* List.swift */; };
		B945B0FA1C8C604000EF9F47 /* List.swift in Sources */ = {isa = PBXBuildFile; fileRef = B945B0F81C8C604000EF9F47 /* List.swift */; };
		B945B0FC1C8C647E00EF9F47 /* ElementTableViewCell.swift in Sources */ = {isa = PBXBuildFile; fileRef = B945B0FB1C8C647E00EF9F47 /* ElementTableViewCell.swift */; };
		B945B1001C8C8FF000EF9F47 /* ElementViewController.swift in Sources */ = {isa = PBXBuildFile; fileRef = B945B0FF1C8C8FF000EF9F47 /* ElementViewController.swift */; };
/* End PBXBuildFile section */

/* Begin PBXContainerItemProxy section */
		B90250421C8B4E12007F14B2 /* PBXContainerItemProxy */ = {
			isa = PBXContainerItemProxy;
			containerPortal = B90250251C8B4E12007F14B2 /* Project object */;
			proxyType = 1;
			remoteGlobalIDString = B902502C1C8B4E12007F14B2;
			remoteInfo = App5;
		};
		B902504D1C8B4E12007F14B2 /* PBXContainerItemProxy */ = {
			isa = PBXContainerItemProxy;
			containerPortal = B90250251C8B4E12007F14B2 /* Project object */;
			proxyType = 1;
			remoteGlobalIDString = B902502C1C8B4E12007F14B2;
			remoteInfo = App5;
		};
/* End PBXContainerItemProxy section */

/* Begin PBXFileReference section */
		B902502D1C8B4E12007F14B2 /* App5.app */ = {isa = PBXFileReference; explicitFileType = wrapper.application; includeInIndex = 0; path = App5.app; sourceTree = BUILT_PRODUCTS_DIR; };
		B90250301C8B4E12007F14B2 /* AppDelegate.swift */ = {isa = PBXFileReference; lastKnownFileType = sourcecode.swift; path = AppDelegate.swift; sourceTree = "<group>"; };
		B90250321C8B4E12007F14B2 /* CreateEditViewController.swift */ = {isa = PBXFileReference; lastKnownFileType = sourcecode.swift; path = CreateEditViewController.swift; sourceTree = "<group>"; };
		B90250351C8B4E12007F14B2 /* Base */ = {isa = PBXFileReference; lastKnownFileType = file.storyboard; name = Base; path = Base.lproj/Main.storyboard; sourceTree = "<group>"; };
		B90250371C8B4E12007F14B2 /* Assets.xcassets */ = {isa = PBXFileReference; lastKnownFileType = folder.assetcatalog; path = Assets.xcassets; sourceTree = "<group>"; };
		B902503A1C8B4E12007F14B2 /* Base */ = {isa = PBXFileReference; lastKnownFileType = file.storyboard; name = Base; path = Base.lproj/LaunchScreen.storyboard; sourceTree = "<group>"; };
		B902503C1C8B4E12007F14B2 /* Info.plist */ = {isa = PBXFileReference; lastKnownFileType = text.plist.xml; path = Info.plist; sourceTree = "<group>"; };
		B90250411C8B4E12007F14B2 /* App5Tests.xctest */ = {isa = PBXFileReference; explicitFileType = wrapper.cfbundle; includeInIndex = 0; path = App5Tests.xctest; sourceTree = BUILT_PRODUCTS_DIR; };
		B90250451C8B4E12007F14B2 /* App5Tests.swift */ = {isa = PBXFileReference; lastKnownFileType = sourcecode.swift; path = App5Tests.swift; sourceTree = "<group>"; };
		B90250471C8B4E12007F14B2 /* Info.plist */ = {isa = PBXFileReference; lastKnownFileType = text.plist.xml; path = Info.plist; sourceTree = "<group>"; };
		B902504C1C8B4E12007F14B2 /* App5UITests.xctest */ = {isa = PBXFileReference; explicitFileType = wrapper.cfbundle; includeInIndex = 0; path = App5UITests.xctest; sourceTree = BUILT_PRODUCTS_DIR; };
		B90250501C8B4E12007F14B2 /* App5UITests.swift */ = {isa = PBXFileReference; lastKnownFileType = sourcecode.swift; path = App5UITests.swift; sourceTree = "<group>"; };
		B90250521C8B4E12007F14B2 /* Info.plist */ = {isa = PBXFileReference; lastKnownFileType = text.plist.xml; path = Info.plist; sourceTree = "<group>"; };
		B945B0F41C8C53E600EF9F47 /* ListTableViewCell.swift */ = {isa = PBXFileReference; fileEncoding = 4; lastKnownFileType = sourcecode.swift; path = ListTableViewCell.swift; sourceTree = "<group>"; };
		B945B0F61C8C59CE00EF9F47 /* ListTableViewController.swift */ = {isa = PBXFileReference; fileEncoding = 4; lastKnownFileType = sourcecode.swift; path = ListTableViewController.swift; sourceTree = "<group>"; };
		B945B0F81C8C604000EF9F47 /* List.swift */ = {isa = PBXFileReference; fileEncoding = 4; lastKnownFileType = sourcecode.swift; path = List.swift; sourceTree = "<group>"; };
		B945B0FB1C8C647E00EF9F47 /* ElementTableViewCell.swift */ = {isa = PBXFileReference; fileEncoding = 4; lastKnownFileType = sourcecode.swift; path = ElementTableViewCell.swift; sourceTree = "<group>"; };
		B945B0FF1C8C8FF000EF9F47 /* ElementViewController.swift */ = {isa = PBXFileReference; fileEncoding = 4; lastKnownFileType = sourcecode.swift; path = ElementViewController.swift; sourceTree = "<group>"; };
/* End PBXFileReference section */

/* Begin PBXFrameworksBuildPhase section */
		B902502A1C8B4E12007F14B2 /* Frameworks */ = {
			isa = PBXFrameworksBuildPhase;
			buildActionMask = 2147483647;
			files = (
			);
			runOnlyForDeploymentPostprocessing = 0;
		};
		B902503E1C8B4E12007F14B2 /* Frameworks */ = {
			isa = PBXFrameworksBuildPhase;
			buildActionMask = 2147483647;
			files = (
			);
			runOnlyForDeploymentPostprocessing = 0;
		};
		B90250491C8B4E12007F14B2 /* Frameworks */ = {
			isa = PBXFrameworksBuildPhase;
			buildActionMask = 2147483647;
			files = (
			);
			runOnlyForDeploymentPostprocessing = 0;
		};
/* End PBXFrameworksBuildPhase section */

/* Begin PBXGroup section */
		B90250241C8B4E12007F14B2 = {
			isa = PBXGroup;
			children = (
				B902502F1C8B4E12007F14B2 /* App5 */,
				B90250441C8B4E12007F14B2 /* App5Tests */,
				B902504F1C8B4E12007F14B2 /* App5UITests */,
				B902502E1C8B4E12007F14B2 /* Products */,
			);
			sourceTree = "<group>";
		};
		B902502E1C8B4E12007F14B2 /* Products */ = {
			isa = PBXGroup;
			children = (
				B902502D1C8B4E12007F14B2 /* App5.app */,
				B90250411C8B4E12007F14B2 /* App5Tests.xctest */,
				B902504C1C8B4E12007F14B2 /* App5UITests.xctest */,
			);
			name = Products;
			sourceTree = "<group>";
		};
		B902502F1C8B4E12007F14B2 /* App5 */ = {
			isa = PBXGroup;
			children = (
				B90250301C8B4E12007F14B2 /* AppDelegate.swift */,
				B90250321C8B4E12007F14B2 /* CreateEditViewController.swift */,
				B945B0F81C8C604000EF9F47 /* List.swift */,
				B90250341C8B4E12007F14B2 /* Main.storyboard */,
				B945B0FF1C8C8FF000EF9F47 /* ElementViewController.swift */,
				B945B0FB1C8C647E00EF9F47 /* ElementTableViewCell.swift */,
				B945B0F61C8C59CE00EF9F47 /* ListTableViewController.swift */,
				B945B0F41C8C53E600EF9F47 /* ListTableViewCell.swift */,
				B90250371C8B4E12007F14B2 /* Assets.xcassets */,
				B90250391C8B4E12007F14B2 /* LaunchScreen.storyboard */,
				B902503C1C8B4E12007F14B2 /* Info.plist */,
			);
			path = App5;
			sourceTree = "<group>";
		};
		B90250441C8B4E12007F14B2 /* App5Tests */ = {
			isa = PBXGroup;
			children = (
				B90250451C8B4E12007F14B2 /* App5Tests.swift */,
				B90250471C8B4E12007F14B2 /* Info.plist */,
			);
			path = App5Tests;
			sourceTree = "<group>";
		};
		B902504F1C8B4E12007F14B2 /* App5UITests */ = {
			isa = PBXGroup;
			children = (
				B90250501C8B4E12007F14B2 /* App5UITests.swift */,
				B90250521C8B4E12007F14B2 /* Info.plist */,
			);
			path = App5UITests;
			sourceTree = "<group>";
		};
/* End PBXGroup section */

/* Begin PBXNativeTarget section */
		B902502C1C8B4E12007F14B2 /* App5 */ = {
			isa = PBXNativeTarget;
			buildConfigurationList = B90250551C8B4E12007F14B2 /* Build configuration list for PBXNativeTarget "App5" */;
			buildPhases = (
				B90250291C8B4E12007F14B2 /* Sources */,
				B902502A1C8B4E12007F14B2 /* Frameworks */,
				B902502B1C8B4E12007F14B2 /* Resources */,
			);
			buildRules = (
			);
			dependencies = (
			);
			name = App5;
			productName = App5;
			productReference = B902502D1C8B4E12007F14B2 /* App5.app */;
			productType = "com.apple.product-type.application";
		};
		B90250401C8B4E12007F14B2 /* App5Tests */ = {
			isa = PBXNativeTarget;
			buildConfigurationList = B90250581C8B4E12007F14B2 /* Build configuration list for PBXNativeTarget "App5Tests" */;
			buildPhases = (
				B902503D1C8B4E12007F14B2 /* Sources */,
				B902503E1C8B4E12007F14B2 /* Frameworks */,
				B902503F1C8B4E12007F14B2 /* Resources */,
			);
			buildRules = (
			);
			dependencies = (
				B90250431C8B4E12007F14B2 /* PBXTargetDependency */,
			);
			name = App5Tests;
			productName = App5Tests;
			productReference = B90250411C8B4E12007F14B2 /* App5Tests.xctest */;
			productType = "com.apple.product-type.bundle.unit-test";
		};
		B902504B1C8B4E12007F14B2 /* App5UITests */ = {
			isa = PBXNativeTarget;
			buildConfigurationList = B902505B1C8B4E12007F14B2 /* Build configuration list for PBXNativeTarget "App5UITests" */;
			buildPhases = (
				B90250481C8B4E12007F14B2 /* Sources */,
				B90250491C8B4E12007F14B2 /* Frameworks */,
				B902504A1C8B4E12007F14B2 /* Resources */,
			);
			buildRules = (
			);
			dependencies = (
				B902504E1C8B4E12007F14B2 /* PBXTargetDependency */,
			);
			name = App5UITests;
			productName = App5UITests;
			productReference = B902504C1C8B4E12007F14B2 /* App5UITests.xctest */;
			productType = "com.apple.product-type.bundle.ui-testing";
		};
/* End PBXNativeTarget section */

/* Begin PBXProject section */
		B90250251C8B4E12007F14B2 /* Project object */ = {
			isa = PBXProject;
			attributes = {
				LastSwiftUpdateCheck = 0720;
				LastUpgradeCheck = 0720;
				ORGANIZATIONNAME = Kipras;
				TargetAttributes = {
					B902502C1C8B4E12007F14B2 = {
						CreatedOnToolsVersion = 7.2.1;
						DevelopmentTeam = 92696P3PX5;
					};
					B90250401C8B4E12007F14B2 = {
						CreatedOnToolsVersion = 7.2.1;
						DevelopmentTeam = 92696P3PX5;
						TestTargetID = B902502C1C8B4E12007F14B2;
					};
					B902504B1C8B4E12007F14B2 = {
						CreatedOnToolsVersion = 7.2.1;
						DevelopmentTeam = 92696P3PX5;
						TestTargetID = B902502C1C8B4E12007F14B2;
					};
				};
			};
			buildConfigurationList = B90250281C8B4E12007F14B2 /* Build configuration list for PBXProject "App5" */;
			compatibilityVersion = "Xcode 3.2";
			developmentRegion = English;
			hasScannedForEncodings = 0;
			knownRegions = (
				en,
				Base,
			);
			mainGroup = B90250241C8B4E12007F14B2;
			productRefGroup = B902502E1C8B4E12007F14B2 /* Products */;
			projectDirPath = "";
			projectRoot = "";
			targets = (
				B902502C1C8B4E12007F14B2 /* App5 */,
				B90250401C8B4E12007F14B2 /* App5Tests */,
				B902504B1C8B4E12007F14B2 /* App5UITests */,
			);
		};
/* End PBXProject section */

/* Begin PBXResourcesBuildPhase section */
		B902502B1C8B4E12007F14B2 /* Resources */ = {
			isa = PBXResourcesBuildPhase;
			buildActionMask = 2147483647;
			files = (
				B902503B1C8B4E12007F14B2 /* LaunchScreen.storyboard in Resources */,
				B90250381C8B4E12007F14B2 /* Assets.xcassets in Resources */,
				B90250361C8B4E12007F14B2 /* Main.storyboard in Resources */,
			);
			runOnlyForDeploymentPostprocessing = 0;
		};
		B902503F1C8B4E12007F14B2 /* Resources */ = {
			isa = PBXResourcesBuildPhase;
			buildActionMask = 2147483647;
			files = (
			);
			runOnlyForDeploymentPostprocessing = 0;
		};
		B902504A1C8B4E12007F14B2 /* Resources */ = {
			isa = PBXResourcesBuildPhase;
			buildActionMask = 2147483647;
			files = (
			);
			runOnlyForDeploymentPostprocessing = 0;
		};
/* End PBXResourcesBuildPhase section */

/* Begin PBXSourcesBuildPhase section */
		B90250291C8B4E12007F14B2 /* Sources */ = {
			isa = PBXSourcesBuildPhase;
			buildActionMask = 2147483647;
			files = (
				B945B0FC1C8C647E00EF9F47 /* ElementTableViewCell.swift in Sources */,
				B90250331C8B4E12007F14B2 /* CreateEditViewController.swift in Sources */,
				B90250311C8B4E12007F14B2 /* AppDelegate.swift in Sources */,
				B945B0F51C8C53E600EF9F47 /* ListTableViewCell.swift in Sources */,
				B945B0F91C8C604000EF9F47 /* List.swift in Sources */,
				B945B0F71C8C59CE00EF9F47 /* ListTableViewController.swift in Sources */,
				B945B1001C8C8FF000EF9F47 /* ElementViewController.swift in Sources */,
			);
			runOnlyForDeploymentPostprocessing = 0;
		};
		B902503D1C8B4E12007F14B2 /* Sources */ = {
			isa = PBXSourcesBuildPhase;
			buildActionMask = 2147483647;
			files = (
				B90250461C8B4E12007F14B2 /* App5Tests.swift in Sources */,
				B945B0FA1C8C604000EF9F47 /* List.swift in Sources */,
			);
			runOnlyForDeploymentPostprocessing = 0;
		};
		B90250481C8B4E12007F14B2 /* Sources */ = {
			isa = PBXSourcesBuildPhase;
			buildActionMask = 2147483647;
			files = (
				B90250511C8B4E12007F14B2 /* App5UITests.swift in Sources */,
			);
			runOnlyForDeploymentPostprocessing = 0;
		};
/* End PBXSourcesBuildPhase section */

/* Begin PBXTargetDependency section */
		B90250431C8B4E12007F14B2 /* PBXTargetDependency */ = {
			isa = PBXTargetDependency;
			target = B902502C1C8B4E12007F14B2 /* App5 */;
			targetProxy = B90250421C8B4E12007F14B2 /* PBXContainerItemProxy */;
		};
		B902504E1C8B4E12007F14B2 /* PBXTargetDependency */ = {
			isa = PBXTargetDependency;
			target = B902502C1C8B4E12007F14B2 /* App5 */;
			targetProxy = B902504D1C8B4E12007F14B2 /* PBXContainerItemProxy */;
		};
/* End PBXTargetDependency section */

/* Begin PBXVariantGroup section */
		B90250341C8B4E12007F14B2 /* Main.storyboard */ = {
			isa = PBXVariantGroup;
			children = (
				B90250351C8B4E12007F14B2 /* Base */,
			);
			name = Main.storyboard;
			sourceTree = "<group>";
		};
		B90250391C8B4E12007F14B2 /* LaunchScreen.storyboard */ = {
			isa = PBXVariantGroup;
			children = (
				B902503A1C8B4E12007F14B2 /* Base */,
			);
			name = LaunchScreen.storyboard;
			sourceTree = "<group>";
		};
/* End PBXVariantGroup section */

/* Begin XCBuildConfiguration section */
		B90250531C8B4E12007F14B2 /* Debug */ = {
			isa = XCBuildConfiguration;
			buildSettings = {
				ALWAYS_SEARCH_USER_PATHS = NO;
				CLANG_CXX_LANGUAGE_STANDARD = "gnu++0x";
				CLANG_CXX_LIBRARY = "libc++";
				CLANG_ENABLE_MODULES = YES;
				CLANG_ENABLE_OBJC_ARC = YES;
				CLANG_WARN_BOOL_CONVERSION = YES;
				CLANG_WARN_CONSTANT_CONVERSION = YES;
				CLANG_WARN_DIRECT_OBJC_ISA_USAGE = YES_ERROR;
				CLANG_WARN_EMPTY_BODY = YES;
				CLANG_WARN_ENUM_CONVERSION = YES;
				CLANG_WARN_INT_CONVERSION = YES;
				CLANG_WARN_OBJC_ROOT_CLASS = YES_ERROR;
				CLANG_WARN_UNREACHABLE_CODE = YES;
				CLANG_WARN__DUPLICATE_METHOD_MATCH = YES;
				"CODE_SIGN_IDENTITY[sdk=iphoneos*]" = "iPhone Developer";
				COPY_PHASE_STRIP = NO;
				DEBUG_INFORMATION_FORMAT = dwarf;
				ENABLE_STRICT_OBJC_MSGSEND = YES;
				ENABLE_TESTABILITY = YES;
				GCC_C_LANGUAGE_STANDARD = gnu99;
				GCC_DYNAMIC_NO_PIC = NO;
				GCC_NO_COMMON_BLOCKS = YES;
				GCC_OPTIMIZATION_LEVEL = 0;
				GCC_PREPROCESSOR_DEFINITIONS = (
					"DEBUG=1",
					"$(inherited)",
				);
				GCC_WARN_64_TO_32_BIT_CONVERSION = YES;
				GCC_WARN_ABOUT_RETURN_TYPE = YES_ERROR;
				GCC_WARN_UNDECLARED_SELECTOR = YES;
				GCC_WARN_UNINITIALIZED_AUTOS = YES_AGGRESSIVE;
				GCC_WARN_UNUSED_FUNCTION = YES;
				GCC_WARN_UNUSED_VARIABLE = YES;
				IPHONEOS_DEPLOYMENT_TARGET = 9.2;
				MTL_ENABLE_DEBUG_INFO = YES;
				ONLY_ACTIVE_ARCH = YES;
				SDKROOT = iphoneos;
				SWIFT_OPTIMIZATION_LEVEL = "-Onone";
				TARGETED_DEVICE_FAMILY = "1,2";
			};
			name = Debug;
		};
		B90250541C8B4E12007F14B2 /* Release */ = {
			isa = XCBuildConfiguration;
			buildSettings = {
				ALWAYS_SEARCH_USER_PATHS = NO;
				CLANG_CXX_LANGUAGE_STANDARD = "gnu++0x";
				CLANG_CXX_LIBRARY = "libc++";
				CLANG_ENABLE_MODULES = YES;
				CLANG_ENABLE_OBJC_ARC = YES;
				CLANG_WARN_BOOL_CONVERSION = YES;
				CLANG_WARN_CONSTANT_CONVERSION = YES;
				CLANG_WARN_DIRECT_OBJC_ISA_USAGE = YES_ERROR;
				CLANG_WARN_EMPTY_BODY = YES;
				CLANG_WARN_ENUM_CONVERSION = YES;
				CLANG_WARN_INT_CONVERSION = YES;
				CLANG_WARN_OBJC_ROOT_CLASS = YES_ERROR;
				CLANG_WARN_UNREACHABLE_CODE = YES;
				CLANG_WARN__DUPLICATE_METHOD_MATCH = YES;
				"CODE_SIGN_IDENTITY[sdk=iphoneos*]" = "iPhone Developer";
				COPY_PHASE_STRIP = NO;
				DEBUG_INFORMATION_FORMAT = "dwarf-with-dsym";
				ENABLE_NS_ASSERTIONS = NO;
				ENABLE_STRICT_OBJC_MSGSEND = YES;
				GCC_C_LANGUAGE_STANDARD = gnu99;
				GCC_NO_COMMON_BLOCKS = YES;
				GCC_WARN_64_TO_32_BIT_CONVERSION = YES;
				GCC_WARN_ABOUT_RETURN_TYPE = YES_ERROR;
				GCC_WARN_UNDECLARED_SELECTOR = YES;
				GCC_WARN_UNINITIALIZED_AUTOS = YES_AGGRESSIVE;
				GCC_WARN_UNUSED_FUNCTION = YES;
				GCC_WARN_UNUSED_VARIABLE = YES;
				IPHONEOS_DEPLOYMENT_TARGET = 9.2;
				MTL_ENABLE_DEBUG_INFO = NO;
				SDKROOT = iphoneos;
				TARGETED_DEVICE_FAMILY = "1,2";
				VALIDATE_PRODUCT = YES;
			};
			name = Release;
		};
		B90250561C8B4E12007F14B2 /* Debug */ = {
			isa = XCBuildConfiguration;
			buildSettings = {
				ASSETCATALOG_COMPILER_APPICON_NAME = AppIcon;
				INFOPLIST_FILE = App5/Info.plist;
				LD_RUNPATH_SEARCH_PATHS = "$(inherited) @executable_path/Frameworks";
				PRODUCT_BUNDLE_IDENTIFIER = Apps.App5;
				PRODUCT_NAME = "$(TARGET_NAME)";
			};
			name = Debug;
		};
		B90250571C8B4E12007F14B2 /* Release */ = {
			isa = XCBuildConfiguration;
			buildSettings = {
				ASSETCATALOG_COMPILER_APPICON_NAME = AppIcon;
				INFOPLIST_FILE = App5/Info.plist;
				LD_RUNPATH_SEARCH_PATHS = "$(inherited) @executable_path/Frameworks";
				PRODUCT_BUNDLE_IDENTIFIER = Apps.App5;
				PRODUCT_NAME = "$(TARGET_NAME)";
			};
			name = Release;
		};
		B90250591C8B4E12007F14B2 /* Debug */ = {
			isa = XCBuildConfiguration;
			buildSettings = {
				BUNDLE_LOADER = "$(TEST_HOST)";
				INFOPLIST_FILE = App5Tests/Info.plist;
				LD_RUNPATH_SEARCH_PATHS = "$(inherited) @executable_path/Frameworks @loader_path/Frameworks";
				PRODUCT_BUNDLE_IDENTIFIER = Apps.App5Tests;
				PRODUCT_NAME = "$(TARGET_NAME)";
				TEST_HOST = "$(BUILT_PRODUCTS_DIR)/App5.app/App5";
			};
			name = Debug;
		};
		B902505A1C8B4E12007F14B2 /* Release */ = {
			isa = XCBuildConfiguration;
			buildSettings = {
				BUNDLE_LOADER = "$(TEST_HOST)";
				INFOPLIST_FILE = App5Tests/Info.plist;
				LD_RUNPATH_SEARCH_PATHS = "$(inherited) @executable_path/Frameworks @loader_path/Frameworks";
				PRODUCT_BUNDLE_IDENTIFIER = Apps.App5Tests;
				PRODUCT_NAME = "$(TARGET_NAME)";
				TEST_HOST = "$(BUILT_PRODUCTS_DIR)/App5.app/App5";
			};
			name = Release;
		};
		B902505C1C8B4E12007F14B2 /* Debug */ = {
			isa = XCBuildConfiguration;
			buildSettings = {
				INFOPLIST_FILE = App5UITests/Info.plist;
				LD_RUNPATH_SEARCH_PATHS = "$(inherited) @executable_path/Frameworks @loader_path/Frameworks";
				PRODUCT_BUNDLE_IDENTIFIER = Apps.App5UITests;
				PRODUCT_NAME = "$(TARGET_NAME)";
				TEST_TARGET_NAME = App5;
				USES_XCTRUNNER = YES;
			};
			name = Debug;
		};
		B902505D1C8B4E12007F14B2 /* Release */ = {
			isa = XCBuildConfiguration;
			buildSettings = {
				INFOPLIST_FILE = App5UITests/Info.plist;
				LD_RUNPATH_SEARCH_PATHS = "$(inherited) @executable_path/Frameworks @loader_path/Frameworks";
				PRODUCT_BUNDLE_IDENTIFIER = Apps.App5UITests;
				PRODUCT_NAME = "$(TARGET_NAME)";
				TEST_TARGET_NAME = App5;
				USES_XCTRUNNER = YES;
			};
			name = Release;
		};
/* End XCBuildConfiguration section */

/* Begin XCConfigurationList section */
		B90250281C8B4E12007F14B2 /* Build configuration list for PBXProject "App5" */ = {
			isa = XCConfigurationList;
			buildConfigurations = (
				B90250531C8B4E12007F14B2 /* Debug */,
				B90250541C8B4E12007F14B2 /* Release */,
			);
			defaultConfigurationIsVisible = 0;
			defaultConfigurationName = Release;
		};
		B90250551C8B4E12007F14B2 /* Build configuration list for PBXNativeTarget "App5" */ = {
			isa = XCConfigurationList;
			buildConfigurations = (
				B90250561C8B4E12007F14B2 /* Debug */,
				B90250571C8B4E12007F14B2 /* Release */,
			);
			defaultConfigurationIsVisible = 0;
			defaultConfigurationName = Release;
		};
		B90250581C8B4E12007F14B2 /* Build configuration list for PBXNativeTarget "App5Tests" */ = {
			isa = XCConfigurationList;
			buildConfigurations = (
				B90250591C8B4E12007F14B2 /* Debug */,
				B902505A1C8B4E12007F14B2 /* Release */,
			);
			defaultConfigurationIsVisible = 0;
			defaultConfigurationName = Release;
		};
		B902505B1C8B4E12007F14B2 /* Build configuration list for PBXNativeTarget "App5UITests" */ = {
			isa = XCConfigurationList;
			buildConfigurations = (
				B902505C1C8B4E12007F14B2 /* Debug */,
				B902505D1C8B4E12007F14B2 /* Release */,
			);
			defaultConfigurationIsVisible = 0;
			defaultConfigurationName = Release;
		};
/* End XCConfigurationList section */
	};
	rootObject = B90250251C8B4E12007F14B2 /* Project object */;
}
